
Microsoft Visual Studio Solution File, Format Version 12.00
# Visual Studio 15
VisualStudioVersion = 15.0.28307.902
MinimumVisualStudioVersion = 10.0.40219.1
Project("{FAE04EC0-301F-11D3-BF4B-00C04F79EFBC}") = "TokenEx.InterviewProject", "TokenEx.InterviewProject\TokenEx.InterviewProject.csproj", "{A14C8FDA-4E5C-45C1-BCE2-0BD0E6D91037}"
EndProject
Project("{FAE04EC0-301F-11D3-BF4B-00C04F79EFBC}") = "TokenEx.Tests", "TokenEx.Tests\TokenEx.Tests.csproj", "{C2CE93F8-FAEC-4C9C-9909-861C86A8B60E}"
EndProject
Global
	GlobalSection(SolutionConfigurationPlatforms) = preSolution
		Debug|Any CPU = Debug|Any CPU
		Release|Any CPU = Release|Any CPU
	EndGlobalSection
	GlobalSection(ProjectConfigurationPlatforms) = postSolution
		{A14C8FDA-4E5C-45C1-BCE2-0BD0E6D91037}.Debug|Any CPU.ActiveCfg = Debug|Any CPU
		{A14C8FDA-4E5C-45C1-BCE2-0BD0E6D91037}.Debug|Any CPU.Build.0 = Debug|Any CPU
		{A14C8FDA-4E5C-45C1-BCE2-0BD0E6D91037}.Release|Any CPU.ActiveCfg = Release|Any CPU
		{A14C8FDA-4E5C-45C1-BCE2-0BD0E6D91037}.Release|Any CPU.Build.0 = Release|Any CPU
		{C2CE93F8-FAEC-4C9C-9909-861C86A8B60E}.Debug|Any CPU.ActiveCfg = Debug|Any CPU
		{C2CE93F8-FAEC-4C9C-9909-861C86A8B60E}.Debug|Any CPU.Build.0 = Debug|Any CPU
		{C2CE93F8-FAEC-4C9C-9909-861C86A8B60E}.Release|Any CPU.ActiveCfg = Release|Any CPU
		{C2CE93F8-FAEC-4C9C-9909-861C86A8B60E}.Release|Any CPU.Build.0 = Release|Any CPU
	EndGlobalSection
	GlobalSection(SolutionProperties) = preSolution
		HideSolutionNode = FALSE
	EndGlobalSection
	GlobalSection(ExtensibilityGlobals) = postSolution
		SolutionGuid = {FEC08C60-A754-468D-8D64-D49397B197BE}
	EndGlobalSection
EndGlobal
